// !$*UTF8*$!
{
	archiveVersion = 1;
	classes = {
	};
	objectVersion = 50;
	objects = {

/* Begin PBXBuildFile section */
		2C4AEAC2210213D100FDAADA /* CreateSimplifiedFPLViewController.m in Sources */ = {isa = PBXBuildFile; fileRef = 2C4AEAC1210213D100FDAADA /* CreateSimplifiedFPLViewController.m */; };
		2C4AEAC52102142300FDAADA /* SuppInfoSimplifiedFPLViewController.m in Sources */ = {isa = PBXBuildFile; fileRef = 2C4AEAC42102142300FDAADA /* SuppInfoSimplifiedFPLViewController.m */; };
		2C74544420E01AE500F24691 /* Utils.m in Sources */ = {isa = PBXBuildFile; fileRef = 2C74544320E01AE500F24691 /* Utils.m */; };
		2C74544720E0266100F24691 /* CustomSelectorViewController.m in Sources */ = {isa = PBXBuildFile; fileRef = 2C74544620E0266100F24691 /* CustomSelectorViewController.m */; };
		2CCE9ACB20D40D0300DCC890 /* Fly.m in Sources */ = {isa = PBXBuildFile; fileRef = 2CCE9ACA20D40D0300DCC890 /* Fly.m */; };
		2CEAB23120DAE0C8005E77AD /* CreateSupplementaryInformation.m in Sources */ = {isa = PBXBuildFile; fileRef = 2CEAB23020DAE0C8005E77AD /* CreateSupplementaryInformation.m */; };
		2CEAB23420DAE7B8005E77AD /* DetailSupplementaryInformation.m in Sources */ = {isa = PBXBuildFile; fileRef = 2CEAB23320DAE7B8005E77AD /* DetailSupplementaryInformation.m */; };
		7E9AB02B460547CA97F08212 /* libPods-PVAr.a in Frameworks */ = {isa = PBXBuildFile; fileRef = 362CAA3C7C78608863D902A0 /* libPods-PVAr.a */; };
		C406E60420D15ECF0061398A /* PendingFlyingPlansViewController.m in Sources */ = {isa = PBXBuildFile; fileRef = C406E60320D15ECF0061398A /* PendingFlyingPlansViewController.m */; };
		C406E60720D15EDB0061398A /* AcceptedFlyingPlansViewController.m in Sources */ = {isa = PBXBuildFile; fileRef = C406E60620D15EDB0061398A /* AcceptedFlyingPlansViewController.m */; };
		C406E60A20D15EE60061398A /* CancelledFlyingPlansViewController.m in Sources */ = {isa = PBXBuildFile; fileRef = C406E60920D15EE60061398A /* CancelledFlyingPlansViewController.m */; };
		C435CFDC20D2928F00BEF664 /* EmptySegue.m in Sources */ = {isa = PBXBuildFile; fileRef = C435CFDA20D2928E00BEF664 /* EmptySegue.m */; };
		C435CFDF20D292B400BEF664 /* ContainerViewController.m in Sources */ = {isa = PBXBuildFile; fileRef = C435CFDE20D292B400BEF664 /* ContainerViewController.m */; };
		C435CFE220D29A8B00BEF664 /* CreateFlyingPlanViewController.m in Sources */ = {isa = PBXBuildFile; fileRef = C435CFE120D29A8B00BEF664 /* CreateFlyingPlanViewController.m */; };
		C435CFE620D29BDA00BEF664 /* CellFlyingPlan.m in Sources */ = {isa = PBXBuildFile; fileRef = C435CFE520D29BDA00BEF664 /* CellFlyingPlan.m */; };
		C435CFE820D29BE300BEF664 /* CellFlyingPlan.xib in Resources */ = {isa = PBXBuildFile; fileRef = C435CFE720D29BE300BEF664 /* CellFlyingPlan.xib */; };
		C435CFEB20D2EEA800BEF664 /* FlyingPlanDetaillViewController.m in Sources */ = {isa = PBXBuildFile; fileRef = C435CFEA20D2EEA800BEF664 /* FlyingPlanDetaillViewController.m */; };
		C43C540020D01AF6004BB923 /* AppDelegate.m in Sources */ = {isa = PBXBuildFile; fileRef = C43C53FF20D01AF6004BB923 /* AppDelegate.m */; };
		C43C540620D01AF6004BB923 /* Main.storyboard in Resources */ = {isa = PBXBuildFile; fileRef = C43C540420D01AF6004BB923 /* Main.storyboard */; };
		C43C540820D01AF8004BB923 /* Assets.xcassets in Resources */ = {isa = PBXBuildFile; fileRef = C43C540720D01AF8004BB923 /* Assets.xcassets */; };
		C43C540B20D01AF8004BB923 /* LaunchScreen.storyboard in Resources */ = {isa = PBXBuildFile; fileRef = C43C540920D01AF8004BB923 /* LaunchScreen.storyboard */; };
		C43C540E20D01AF8004BB923 /* main.m in Sources */ = {isa = PBXBuildFile; fileRef = C43C540D20D01AF8004BB923 /* main.m */; };
		C43C541C20D01B37004BB923 /* LoginViewController.m in Sources */ = {isa = PBXBuildFile; fileRef = C43C541B20D01B37004BB923 /* LoginViewController.m */; };
		C43C542020D01B4D004BB923 /* SplashViewController.m in Sources */ = {isa = PBXBuildFile; fileRef = C43C541F20D01B4D004BB923 /* SplashViewController.m */; };
		C43C542320D01B5A004BB923 /* RegistrationViewController.m in Sources */ = {isa = PBXBuildFile; fileRef = C43C542220D01B5A004BB923 /* RegistrationViewController.m */; };
		C43C542620D01BC1004BB923 /* HomeViewController.m in Sources */ = {isa = PBXBuildFile; fileRef = C43C542520D01BC1004BB923 /* HomeViewController.m */; };
		C4D6192420D040A90010F04A /* User.m in Sources */ = {isa = PBXBuildFile; fileRef = C4D6192320D040A90010F04A /* User.m */; };
		C4D6192A20D04CA00010F04A /* CoreGraphics.framework in Frameworks */ = {isa = PBXBuildFile; fileRef = C4D6192920D04CA00010F04A /* CoreGraphics.framework */; };
		C4D6192C20D04CA50010F04A /* UIKit.framework in Frameworks */ = {isa = PBXBuildFile; fileRef = C4D6192B20D04CA50010F04A /* UIKit.framework */; };
		C4D6192E20D04CAA0010F04A /* Foundation.framework in Frameworks */ = {isa = PBXBuildFile; fileRef = C4D6192D20D04CAA0010F04A /* Foundation.framework */; };
		C4D6193320D054530010F04A /* ShowAlert.m in Sources */ = {isa = PBXBuildFile; fileRef = C4D6193220D054530010F04A /* ShowAlert.m */; };
		C4D6193720D066B10010F04A /* Reachability.m in Sources */ = {isa = PBXBuildFile; fileRef = C4D6193520D066B10010F04A /* Reachability.m */; };
		C4D6193B20D0672F0010F04A /* ServiceBase.m in Sources */ = {isa = PBXBuildFile; fileRef = C4D6193920D0672F0010F04A /* ServiceBase.m */; };
/* End PBXBuildFile section */

/* Begin PBXFileReference section */
		2C4AEAC0210213D100FDAADA /* CreateSimplifiedFPLViewController.h */ = {isa = PBXFileReference; lastKnownFileType = sourcecode.c.h; path = CreateSimplifiedFPLViewController.h; sourceTree = "<group>"; };
		2C4AEAC1210213D100FDAADA /* CreateSimplifiedFPLViewController.m */ = {isa = PBXFileReference; lastKnownFileType = sourcecode.c.objc; path = CreateSimplifiedFPLViewController.m; sourceTree = "<group>"; };
		2C4AEAC32102142300FDAADA /* SuppInfoSimplifiedFPLViewController.h */ = {isa = PBXFileReference; lastKnownFileType = sourcecode.c.h; path = SuppInfoSimplifiedFPLViewController.h; sourceTree = "<group>"; };
		2C4AEAC42102142300FDAADA /* SuppInfoSimplifiedFPLViewController.m */ = {isa = PBXFileReference; lastKnownFileType = sourcecode.c.objc; path = SuppInfoSimplifiedFPLViewController.m; sourceTree = "<group>"; };
		2C74544220E01AE500F24691 /* Utils.h */ = {isa = PBXFileReference; lastKnownFileType = sourcecode.c.h; path = Utils.h; sourceTree = "<group>"; };
		2C74544320E01AE500F24691 /* Utils.m */ = {isa = PBXFileReference; lastKnownFileType = sourcecode.c.objc; path = Utils.m; sourceTree = "<group>"; };
		2C74544520E0266100F24691 /* CustomSelectorViewController.h */ = {isa = PBXFileReference; lastKnownFileType = sourcecode.c.h; path = CustomSelectorViewController.h; sourceTree = "<group>"; };
		2C74544620E0266100F24691 /* CustomSelectorViewController.m */ = {isa = PBXFileReference; lastKnownFileType = sourcecode.c.objc; path = CustomSelectorViewController.m; sourceTree = "<group>"; };
		2CCE9AC920D40D0300DCC890 /* Fly.h */ = {isa = PBXFileReference; lastKnownFileType = sourcecode.c.h; path = Fly.h; sourceTree = "<group>"; };
		2CCE9ACA20D40D0300DCC890 /* Fly.m */ = {isa = PBXFileReference; lastKnownFileType = sourcecode.c.objc; path = Fly.m; sourceTree = "<group>"; };
		2CEAB22F20DAE0C8005E77AD /* CreateSupplementaryInformation.h */ = {isa = PBXFileReference; lastKnownFileType = sourcecode.c.h; path = CreateSupplementaryInformation.h; sourceTree = "<group>"; };
		2CEAB23020DAE0C8005E77AD /* CreateSupplementaryInformation.m */ = {isa = PBXFileReference; lastKnownFileType = sourcecode.c.objc; path = CreateSupplementaryInformation.m; sourceTree = "<group>"; };
		2CEAB23220DAE7B8005E77AD /* DetailSupplementaryInformation.h */ = {isa = PBXFileReference; lastKnownFileType = sourcecode.c.h; path = DetailSupplementaryInformation.h; sourceTree = "<group>"; };
		2CEAB23320DAE7B8005E77AD /* DetailSupplementaryInformation.m */ = {isa = PBXFileReference; lastKnownFileType = sourcecode.c.objc; path = DetailSupplementaryInformation.m; sourceTree = "<group>"; };
		362CAA3C7C78608863D902A0 /* libPods-PVAr.a */ = {isa = PBXFileReference; explicitFileType = archive.ar; includeInIndex = 0; path = "libPods-PVAr.a"; sourceTree = BUILT_PRODUCTS_DIR; };
		462A8754F2656FC5F404F163 /* Pods-PVAr.release.xcconfig */ = {isa = PBXFileReference; includeInIndex = 1; lastKnownFileType = text.xcconfig; name = "Pods-PVAr.release.xcconfig"; path = "Pods/Target Support Files/Pods-PVAr/Pods-PVAr.release.xcconfig"; sourceTree = "<group>"; };
		62676AF3737E7D53E993D776 /* Pods-PVAr.debug.xcconfig */ = {isa = PBXFileReference; includeInIndex = 1; lastKnownFileType = text.xcconfig; name = "Pods-PVAr.debug.xcconfig"; path = "Pods/Target Support Files/Pods-PVAr/Pods-PVAr.debug.xcconfig"; sourceTree = "<group>"; };
		C406E60220D15ECF0061398A /* PendingFlyingPlansViewController.h */ = {isa = PBXFileReference; lastKnownFileType = sourcecode.c.h; path = PendingFlyingPlansViewController.h; sourceTree = "<group>"; };
		C406E60320D15ECF0061398A /* PendingFlyingPlansViewController.m */ = {isa = PBXFileReference; lastKnownFileType = sourcecode.c.objc; path = PendingFlyingPlansViewController.m; sourceTree = "<group>"; };
		C406E60520D15EDB0061398A /* AcceptedFlyingPlansViewController.h */ = {isa = PBXFileReference; lastKnownFileType = sourcecode.c.h; path = AcceptedFlyingPlansViewController.h; sourceTree = "<group>"; };
		C406E60620D15EDB0061398A /* AcceptedFlyingPlansViewController.m */ = {isa = PBXFileReference; lastKnownFileType = sourcecode.c.objc; path = AcceptedFlyingPlansViewController.m; sourceTree = "<group>"; };
		C406E60820D15EE60061398A /* CancelledFlyingPlansViewController.h */ = {isa = PBXFileReference; lastKnownFileType = sourcecode.c.h; path = CancelledFlyingPlansViewController.h; sourceTree = "<group>"; };
		C406E60920D15EE60061398A /* CancelledFlyingPlansViewController.m */ = {isa = PBXFileReference; lastKnownFileType = sourcecode.c.objc; path = CancelledFlyingPlansViewController.m; sourceTree = "<group>"; };
		C435CFDA20D2928E00BEF664 /* EmptySegue.m */ = {isa = PBXFileReference; fileEncoding = 4; lastKnownFileType = sourcecode.c.objc; path = EmptySegue.m; sourceTree = "<group>"; };
		C435CFDB20D2928E00BEF664 /* EmptySegue.h */ = {isa = PBXFileReference; fileEncoding = 4; lastKnownFileType = sourcecode.c.h; path = EmptySegue.h; sourceTree = "<group>"; };
		C435CFDD20D292B300BEF664 /* ContainerViewController.h */ = {isa = PBXFileReference; fileEncoding = 4; lastKnownFileType = sourcecode.c.h; path = ContainerViewController.h; sourceTree = "<group>"; };
		C435CFDE20D292B400BEF664 /* ContainerViewController.m */ = {isa = PBXFileReference; fileEncoding = 4; lastKnownFileType = sourcecode.c.objc; path = ContainerViewController.m; sourceTree = "<group>"; };
		C435CFE020D29A8B00BEF664 /* CreateFlyingPlanViewController.h */ = {isa = PBXFileReference; lastKnownFileType = sourcecode.c.h; path = CreateFlyingPlanViewController.h; sourceTree = "<group>"; };
		C435CFE120D29A8B00BEF664 /* CreateFlyingPlanViewController.m */ = {isa = PBXFileReference; lastKnownFileType = sourcecode.c.objc; path = CreateFlyingPlanViewController.m; sourceTree = "<group>"; };
		C435CFE420D29BDA00BEF664 /* CellFlyingPlan.h */ = {isa = PBXFileReference; lastKnownFileType = sourcecode.c.h; path = CellFlyingPlan.h; sourceTree = "<group>"; };
		C435CFE520D29BDA00BEF664 /* CellFlyingPlan.m */ = {isa = PBXFileReference; lastKnownFileType = sourcecode.c.objc; path = CellFlyingPlan.m; sourceTree = "<group>"; };
		C435CFE720D29BE300BEF664 /* CellFlyingPlan.xib */ = {isa = PBXFileReference; lastKnownFileType = file.xib; path = CellFlyingPlan.xib; sourceTree = "<group>"; };
		C435CFE920D2EEA800BEF664 /* FlyingPlanDetaillViewController.h */ = {isa = PBXFileReference; lastKnownFileType = sourcecode.c.h; path = FlyingPlanDetaillViewController.h; sourceTree = "<group>"; };
		C435CFEA20D2EEA800BEF664 /* FlyingPlanDetaillViewController.m */ = {isa = PBXFileReference; lastKnownFileType = sourcecode.c.objc; path = FlyingPlanDetaillViewController.m; sourceTree = "<group>"; };
		C43C53FB20D01AF6004BB923 /* PVAr.app */ = {isa = PBXFileReference; explicitFileType = wrapper.application; includeInIndex = 0; path = PVAr.app; sourceTree = BUILT_PRODUCTS_DIR; };
		C43C53FE20D01AF6004BB923 /* AppDelegate.h */ = {isa = PBXFileReference; lastKnownFileType = sourcecode.c.h; path = AppDelegate.h; sourceTree = "<group>"; };
		C43C53FF20D01AF6004BB923 /* AppDelegate.m */ = {isa = PBXFileReference; lastKnownFileType = sourcecode.c.objc; path = AppDelegate.m; sourceTree = "<group>"; };
		C43C540520D01AF6004BB923 /* Base */ = {isa = PBXFileReference; lastKnownFileType = file.storyboard; name = Base; path = Base.lproj/Main.storyboard; sourceTree = "<group>"; };
		C43C540720D01AF8004BB923 /* Assets.xcassets */ = {isa = PBXFileReference; lastKnownFileType = folder.assetcatalog; path = Assets.xcassets; sourceTree = "<group>"; };
		C43C540A20D01AF8004BB923 /* Base */ = {isa = PBXFileReference; lastKnownFileType = file.storyboard; name = Base; path = Base.lproj/LaunchScreen.storyboard; sourceTree = "<group>"; };
		C43C540C20D01AF8004BB923 /* Info.plist */ = {isa = PBXFileReference; lastKnownFileType = text.plist.xml; path = Info.plist; sourceTree = "<group>"; };
		C43C540D20D01AF8004BB923 /* main.m */ = {isa = PBXFileReference; lastKnownFileType = sourcecode.c.objc; path = main.m; sourceTree = "<group>"; };
		C43C541A20D01B37004BB923 /* LoginViewController.h */ = {isa = PBXFileReference; lastKnownFileType = sourcecode.c.h; path = LoginViewController.h; sourceTree = "<group>"; };
		C43C541B20D01B37004BB923 /* LoginViewController.m */ = {isa = PBXFileReference; lastKnownFileType = sourcecode.c.objc; path = LoginViewController.m; sourceTree = "<group>"; };
		C43C541E20D01B4D004BB923 /* SplashViewController.h */ = {isa = PBXFileReference; lastKnownFileType = sourcecode.c.h; path = SplashViewController.h; sourceTree = "<group>"; };
		C43C541F20D01B4D004BB923 /* SplashViewController.m */ = {isa = PBXFileReference; lastKnownFileType = sourcecode.c.objc; path = SplashViewController.m; sourceTree = "<group>"; };
		C43C542120D01B5A004BB923 /* RegistrationViewController.h */ = {isa = PBXFileReference; lastKnownFileType = sourcecode.c.h; path = RegistrationViewController.h; sourceTree = "<group>"; };
		C43C542220D01B5A004BB923 /* RegistrationViewController.m */ = {isa = PBXFileReference; lastKnownFileType = sourcecode.c.objc; path = RegistrationViewController.m; sourceTree = "<group>"; };
		C43C542420D01BC1004BB923 /* HomeViewController.h */ = {isa = PBXFileReference; lastKnownFileType = sourcecode.c.h; path = HomeViewController.h; sourceTree = "<group>"; };
		C43C542520D01BC1004BB923 /* HomeViewController.m */ = {isa = PBXFileReference; lastKnownFileType = sourcecode.c.objc; path = HomeViewController.m; sourceTree = "<group>"; };
		C4D6192120D028F10010F04A /* Constants.h */ = {isa = PBXFileReference; lastKnownFileType = sourcecode.c.h; path = Constants.h; sourceTree = "<group>"; };
		C4D6192220D040A90010F04A /* User.h */ = {isa = PBXFileReference; lastKnownFileType = sourcecode.c.h; path = User.h; sourceTree = "<group>"; };
		C4D6192320D040A90010F04A /* User.m */ = {isa = PBXFileReference; lastKnownFileType = sourcecode.c.objc; path = User.m; sourceTree = "<group>"; };
		C4D6192920D04CA00010F04A /* CoreGraphics.framework */ = {isa = PBXFileReference; lastKnownFileType = wrapper.framework; name = CoreGraphics.framework; path = System/Library/Frameworks/CoreGraphics.framework; sourceTree = SDKROOT; };
		C4D6192B20D04CA50010F04A /* UIKit.framework */ = {isa = PBXFileReference; lastKnownFileType = wrapper.framework; name = UIKit.framework; path = System/Library/Frameworks/UIKit.framework; sourceTree = SDKROOT; };
		C4D6192D20D04CAA0010F04A /* Foundation.framework */ = {isa = PBXFileReference; lastKnownFileType = wrapper.framework; name = Foundation.framework; path = System/Library/Frameworks/Foundation.framework; sourceTree = SDKROOT; };
		C4D6193020D054530010F04A /* AlertBlocks.h */ = {isa = PBXFileReference; fileEncoding = 4; lastKnownFileType = sourcecode.c.h; path = AlertBlocks.h; sourceTree = "<group>"; };
		C4D6193120D054530010F04A /* ShowAlert.h */ = {isa = PBXFileReference; fileEncoding = 4; lastKnownFileType = sourcecode.c.h; path = ShowAlert.h; sourceTree = "<group>"; };
		C4D6193220D054530010F04A /* ShowAlert.m */ = {isa = PBXFileReference; fileEncoding = 4; lastKnownFileType = sourcecode.c.objc; path = ShowAlert.m; sourceTree = "<group>"; };
		C4D6193420D066490010F04A /* ServiceBlocks.h */ = {isa = PBXFileReference; lastKnownFileType = sourcecode.c.h; path = ServiceBlocks.h; sourceTree = "<group>"; };
		C4D6193520D066B10010F04A /* Reachability.m */ = {isa = PBXFileReference; fileEncoding = 4; lastKnownFileType = sourcecode.c.objc; path = Reachability.m; sourceTree = "<group>"; };
		C4D6193620D066B10010F04A /* Reachability.h */ = {isa = PBXFileReference; fileEncoding = 4; lastKnownFileType = sourcecode.c.h; path = Reachability.h; sourceTree = "<group>"; };
		C4D6193820D0672F0010F04A /* ServiceBase.h */ = {isa = PBXFileReference; fileEncoding = 4; lastKnownFileType = sourcecode.c.h; path = ServiceBase.h; sourceTree = "<group>"; };
		C4D6193920D0672F0010F04A /* ServiceBase.m */ = {isa = PBXFileReference; fileEncoding = 4; lastKnownFileType = sourcecode.c.objc; path = ServiceBase.m; sourceTree = "<group>"; };
		C4D6193A20D0672F0010F04A /* JSONServiceNamer.h */ = {isa = PBXFileReference; fileEncoding = 4; lastKnownFileType = sourcecode.c.h; path = JSONServiceNamer.h; sourceTree = "<group>"; };
/* End PBXFileReference section */

/* Begin PBXFrameworksBuildPhase section */
		C43C53F820D01AF6004BB923 /* Frameworks */ = {
			isa = PBXFrameworksBuildPhase;
			buildActionMask = 2147483647;
			files = (
				C4D6192C20D04CA50010F04A /* UIKit.framework in Frameworks */,
				C4D6192E20D04CAA0010F04A /* Foundation.framework in Frameworks */,
				C4D6192A20D04CA00010F04A /* CoreGraphics.framework in Frameworks */,
				7E9AB02B460547CA97F08212 /* libPods-PVAr.a in Frameworks */,
			);
			runOnlyForDeploymentPostprocessing = 0;
		};
/* End PBXFrameworksBuildPhase section */

/* Begin PBXGroup section */
		10DE95D4F42BFE525C9EC515 /* Pods */ = {
			isa = PBXGroup;
			children = (
				62676AF3737E7D53E993D776 /* Pods-PVAr.debug.xcconfig */,
				462A8754F2656FC5F404F163 /* Pods-PVAr.release.xcconfig */,
			);
			name = Pods;
			sourceTree = "<group>";
		};
		2C4AEABE2102137400FDAADA /* FPLComplete */ = {
			isa = PBXGroup;
			children = (
				C435CFE020D29A8B00BEF664 /* CreateFlyingPlanViewController.h */,
				C435CFE120D29A8B00BEF664 /* CreateFlyingPlanViewController.m */,
				2CEAB22F20DAE0C8005E77AD /* CreateSupplementaryInformation.h */,
				2CEAB23020DAE0C8005E77AD /* CreateSupplementaryInformation.m */,
			);
			path = FPLComplete;
			sourceTree = "<group>";
		};
		2C4AEABF2102138400FDAADA /* FPLSimplified */ = {
			isa = PBXGroup;
			children = (
				2C4AEAC0210213D100FDAADA /* CreateSimplifiedFPLViewController.h */,
				2C4AEAC1210213D100FDAADA /* CreateSimplifiedFPLViewController.m */,
				2C4AEAC32102142300FDAADA /* SuppInfoSimplifiedFPLViewController.h */,
				2C4AEAC42102142300FDAADA /* SuppInfoSimplifiedFPLViewController.m */,
			);
			path = FPLSimplified;
			sourceTree = "<group>";
		};
		9067C4491580CB5642EB0123 /* Frameworks */ = {
			isa = PBXGroup;
			children = (
				C4D6192D20D04CAA0010F04A /* Foundation.framework */,
				C4D6192B20D04CA50010F04A /* UIKit.framework */,
				C4D6192920D04CA00010F04A /* CoreGraphics.framework */,
				362CAA3C7C78608863D902A0 /* libPods-PVAr.a */,
			);
			name = Frameworks;
			sourceTree = "<group>";
		};
		C406E60120D15E990061398A /* Pages */ = {
			isa = PBXGroup;
			children = (
				C435CFDD20D292B300BEF664 /* ContainerViewController.h */,
				C435CFDE20D292B400BEF664 /* ContainerViewController.m */,
				C406E60220D15ECF0061398A /* PendingFlyingPlansViewController.h */,
				C406E60320D15ECF0061398A /* PendingFlyingPlansViewController.m */,
				C406E60520D15EDB0061398A /* AcceptedFlyingPlansViewController.h */,
				C406E60620D15EDB0061398A /* AcceptedFlyingPlansViewController.m */,
				C406E60820D15EE60061398A /* CancelledFlyingPlansViewController.h */,
				C406E60920D15EE60061398A /* CancelledFlyingPlansViewController.m */,
			);
			path = Pages;
			sourceTree = "<group>";
		};
		C435CFE320D29B9B00BEF664 /* CellFlyingPlan */ = {
			isa = PBXGroup;
			children = (
				C435CFE720D29BE300BEF664 /* CellFlyingPlan.xib */,
				C435CFE420D29BDA00BEF664 /* CellFlyingPlan.h */,
				C435CFE520D29BDA00BEF664 /* CellFlyingPlan.m */,
			);
			path = CellFlyingPlan;
			sourceTree = "<group>";
		};
		C43C53F220D01AF6004BB923 = {
			isa = PBXGroup;
			children = (
				C43C53FD20D01AF6004BB923 /* PVAr */,
				C43C53FC20D01AF6004BB923 /* Products */,
				10DE95D4F42BFE525C9EC515 /* Pods */,
				9067C4491580CB5642EB0123 /* Frameworks */,
			);
			sourceTree = "<group>";
		};
		C43C53FC20D01AF6004BB923 /* Products */ = {
			isa = PBXGroup;
			children = (
				C43C53FB20D01AF6004BB923 /* PVAr.app */,
			);
			name = Products;
			sourceTree = "<group>";
		};
		C43C53FD20D01AF6004BB923 /* PVAr */ = {
			isa = PBXGroup;
			children = (
				C43C541420D01B05004BB923 /* Services */,
				C43C541620D01B11004BB923 /* Model */,
				C43C541720D01B16004BB923 /* Utils */,
				C43C541920D01B1F004BB923 /* Views */,
				C43C541820D01B1A004BB923 /* ViewControllers */,
				C43C53FE20D01AF6004BB923 /* AppDelegate.h */,
				C43C53FF20D01AF6004BB923 /* AppDelegate.m */,
				C43C540420D01AF6004BB923 /* Main.storyboard */,
				C43C540720D01AF8004BB923 /* Assets.xcassets */,
				C43C540920D01AF8004BB923 /* LaunchScreen.storyboard */,
				C43C540C20D01AF8004BB923 /* Info.plist */,
				C43C540D20D01AF8004BB923 /* main.m */,
			);
			path = PVAr;
			sourceTree = "<group>";
		};
		C43C541420D01B05004BB923 /* Services */ = {
			isa = PBXGroup;
			children = (
				C43C541520D01B0C004BB923 /* Implementation */,
				C4D6193420D066490010F04A /* ServiceBlocks.h */,
			);
			path = Services;
			sourceTree = "<group>";
		};
		C43C541520D01B0C004BB923 /* Implementation */ = {
			isa = PBXGroup;
			children = (
				C4D6193820D0672F0010F04A /* ServiceBase.h */,
				C4D6193920D0672F0010F04A /* ServiceBase.m */,
				C4D6193A20D0672F0010F04A /* JSONServiceNamer.h */,
			);
			path = Implementation;
			sourceTree = "<group>";
		};
		C43C541620D01B11004BB923 /* Model */ = {
			isa = PBXGroup;
			children = (
				C4D6192220D040A90010F04A /* User.h */,
				C4D6192320D040A90010F04A /* User.m */,
				2CCE9AC920D40D0300DCC890 /* Fly.h */,
				2CCE9ACA20D40D0300DCC890 /* Fly.m */,
			);
			path = Model;
			sourceTree = "<group>";
		};
		C43C541720D01B16004BB923 /* Utils */ = {
			isa = PBXGroup;
			children = (
				C4D6192F20D054420010F04A /* Alert */,
				C4D6192120D028F10010F04A /* Constants.h */,
				C4D6193620D066B10010F04A /* Reachability.h */,
				C4D6193520D066B10010F04A /* Reachability.m */,
				C435CFDB20D2928E00BEF664 /* EmptySegue.h */,
				C435CFDA20D2928E00BEF664 /* EmptySegue.m */,
				2C74544220E01AE500F24691 /* Utils.h */,
				2C74544320E01AE500F24691 /* Utils.m */,
			);
			path = Utils;
			sourceTree = "<group>";
		};
		C43C541820D01B1A004BB923 /* ViewControllers */ = {
			isa = PBXGroup;
			children = (
				C43C541D20D01B3D004BB923 /* Login */,
				C406E60120D15E990061398A /* Pages */,
				C43C542420D01BC1004BB923 /* HomeViewController.h */,
				C43C542520D01BC1004BB923 /* HomeViewController.m */,
				2C4AEABE2102137400FDAADA /* FPLComplete */,
				2C4AEABF2102138400FDAADA /* FPLSimplified */,
				2C74544520E0266100F24691 /* CustomSelectorViewController.h */,
				2C74544620E0266100F24691 /* CustomSelectorViewController.m */,
				C435CFE920D2EEA800BEF664 /* FlyingPlanDetaillViewController.h */,
				C435CFEA20D2EEA800BEF664 /* FlyingPlanDetaillViewController.m */,
				2CEAB23220DAE7B8005E77AD /* DetailSupplementaryInformation.h */,
				2CEAB23320DAE7B8005E77AD /* DetailSupplementaryInformation.m */,
			);
			path = ViewControllers;
			sourceTree = "<group>";
		};
		C43C541920D01B1F004BB923 /* Views */ = {
			isa = PBXGroup;
			children = (
				C435CFE320D29B9B00BEF664 /* CellFlyingPlan */,
			);
			path = Views;
			sourceTree = "<group>";
		};
		C43C541D20D01B3D004BB923 /* Login */ = {
			isa = PBXGroup;
			children = (
				C43C541E20D01B4D004BB923 /* SplashViewController.h */,
				C43C541F20D01B4D004BB923 /* SplashViewController.m */,
				C43C541A20D01B37004BB923 /* LoginViewController.h */,
				C43C541B20D01B37004BB923 /* LoginViewController.m */,
				C43C542120D01B5A004BB923 /* RegistrationViewController.h */,
				C43C542220D01B5A004BB923 /* RegistrationViewController.m */,
			);
			path = Login;
			sourceTree = "<group>";
		};
		C4D6192F20D054420010F04A /* Alert */ = {
			isa = PBXGroup;
			children = (
				C4D6193020D054530010F04A /* AlertBlocks.h */,
				C4D6193120D054530010F04A /* ShowAlert.h */,
				C4D6193220D054530010F04A /* ShowAlert.m */,
			);
			path = Alert;
			sourceTree = "<group>";
		};
/* End PBXGroup section */

/* Begin PBXNativeTarget section */
		C43C53FA20D01AF6004BB923 /* PVAr */ = {
			isa = PBXNativeTarget;
			buildConfigurationList = C43C541120D01AF8004BB923 /* Build configuration list for PBXNativeTarget "PVAr" */;
			buildPhases = (
				F89AF93BFA74BEFD50EF24D3 /* [CP] Check Pods Manifest.lock */,
				C43C53F720D01AF6004BB923 /* Sources */,
				C43C53F820D01AF6004BB923 /* Frameworks */,
				C43C53F920D01AF6004BB923 /* Resources */,
				798A419CC3B5D902A4D5707E /* [CP] Copy Pods Resources */,
			);
			buildRules = (
			);
			dependencies = (
			);
			name = PVAr;
			productName = PVAr;
			productReference = C43C53FB20D01AF6004BB923 /* PVAr.app */;
			productType = "com.apple.product-type.application";
		};
/* End PBXNativeTarget section */

/* Begin PBXProject section */
		C43C53F320D01AF6004BB923 /* Project object */ = {
			isa = PBXProject;
			attributes = {
				LastUpgradeCheck = 0940;
				ORGANIZATIONNAME = Prisma;
				TargetAttributes = {
					C43C53FA20D01AF6004BB923 = {
						CreatedOnToolsVersion = 9.4;
					};
				};
			};
			buildConfigurationList = C43C53F620D01AF6004BB923 /* Build configuration list for PBXProject "PVAr" */;
			compatibilityVersion = "Xcode 9.3";
			developmentRegion = en;
			hasScannedForEncodings = 0;
			knownRegions = (
				en,
				Base,
			);
			mainGroup = C43C53F220D01AF6004BB923;
			productRefGroup = C43C53FC20D01AF6004BB923 /* Products */;
			projectDirPath = "";
			projectRoot = "";
			targets = (
				C43C53FA20D01AF6004BB923 /* PVAr */,
			);
		};
/* End PBXProject section */

/* Begin PBXResourcesBuildPhase section */
		C43C53F920D01AF6004BB923 /* Resources */ = {
			isa = PBXResourcesBuildPhase;
			buildActionMask = 2147483647;
			files = (
				C43C540B20D01AF8004BB923 /* LaunchScreen.storyboard in Resources */,
				C43C540820D01AF8004BB923 /* Assets.xcassets in Resources */,
				C43C540620D01AF6004BB923 /* Main.storyboard in Resources */,
				C435CFE820D29BE300BEF664 /* CellFlyingPlan.xib in Resources */,
			);
			runOnlyForDeploymentPostprocessing = 0;
		};
/* End PBXResourcesBuildPhase section */

/* Begin PBXShellScriptBuildPhase section */
		798A419CC3B5D902A4D5707E /* [CP] Copy Pods Resources */ = {
			isa = PBXShellScriptBuildPhase;
			buildActionMask = 2147483647;
			files = (
			);
			inputPaths = (
				"${SRCROOT}/Pods/Target Support Files/Pods-PVAr/Pods-PVAr-resources.sh",
				"${PODS_ROOT}/XLForm/XLForm/XLForm.bundle",
			);
			name = "[CP] Copy Pods Resources";
			outputPaths = (
				"${TARGET_BUILD_DIR}/${UNLOCALIZED_RESOURCES_FOLDER_PATH}/XLForm.bundle",
			);
			runOnlyForDeploymentPostprocessing = 0;
			shellPath = /bin/sh;
			shellScript = "\"${SRCROOT}/Pods/Target Support Files/Pods-PVAr/Pods-PVAr-resources.sh\"\n";
			showEnvVarsInLog = 0;
		};
		F89AF93BFA74BEFD50EF24D3 /* [CP] Check Pods Manifest.lock */ = {
			isa = PBXShellScriptBuildPhase;
			buildActionMask = 2147483647;
			files = (
			);
			inputPaths = (
				"${PODS_PODFILE_DIR_PATH}/Podfile.lock",
				"${PODS_ROOT}/Manifest.lock",
			);
			name = "[CP] Check Pods Manifest.lock";
			outputPaths = (
				"$(DERIVED_FILE_DIR)/Pods-PVAr-checkManifestLockResult.txt",
			);
			runOnlyForDeploymentPostprocessing = 0;
			shellPath = /bin/sh;
			shellScript = "diff \"${PODS_PODFILE_DIR_PATH}/Podfile.lock\" \"${PODS_ROOT}/Manifest.lock\" > /dev/null\nif [ $? != 0 ] ; then\n    # print error to STDERR\n    echo \"error: The sandbox is not in sync with the Podfile.lock. Run 'pod install' or update your CocoaPods installation.\" >&2\n    exit 1\nfi\n# This output is used by Xcode 'outputs' to avoid re-running this script phase.\necho \"SUCCESS\" > \"${SCRIPT_OUTPUT_FILE_0}\"\n";
			showEnvVarsInLog = 0;
		};
/* End PBXShellScriptBuildPhase section */

/* Begin PBXSourcesBuildPhase section */
		C43C53F720D01AF6004BB923 /* Sources */ = {
			isa = PBXSourcesBuildPhase;
			buildActionMask = 2147483647;
			files = (
				2CEAB23420DAE7B8005E77AD /* DetailSupplementaryInformation.m in Sources */,
				C43C542620D01BC1004BB923 /* HomeViewController.m in Sources */,
				C435CFE620D29BDA00BEF664 /* CellFlyingPlan.m in Sources */,
				C406E60420D15ECF0061398A /* PendingFlyingPlansViewController.m in Sources */,
				C435CFDF20D292B400BEF664 /* ContainerViewController.m in Sources */,
				2C4AEAC2210213D100FDAADA /* CreateSimplifiedFPLViewController.m in Sources */,
				C406E60720D15EDB0061398A /* AcceptedFlyingPlansViewController.m in Sources */,
				C4D6193720D066B10010F04A /* Reachability.m in Sources */,
				2CCE9ACB20D40D0300DCC890 /* Fly.m in Sources */,
				2CEAB23120DAE0C8005E77AD /* CreateSupplementaryInformation.m in Sources */,
				C43C541C20D01B37004BB923 /* LoginViewController.m in Sources */,
				2C4AEAC52102142300FDAADA /* SuppInfoSimplifiedFPLViewController.m in Sources */,
				C435CFEB20D2EEA800BEF664 /* FlyingPlanDetaillViewController.m in Sources */,
				C43C540E20D01AF8004BB923 /* main.m in Sources */,
				2C74544420E01AE500F24691 /* Utils.m in Sources */,
				C406E60A20D15EE60061398A /* CancelledFlyingPlansViewController.m in Sources */,
				C4D6192420D040A90010F04A /* User.m in Sources */,
				2C74544720E0266100F24691 /* CustomSelectorViewController.m in Sources */,
				C43C540020D01AF6004BB923 /* AppDelegate.m in Sources */,
				C435CFE220D29A8B00BEF664 /* CreateFlyingPlanViewController.m in Sources */,
				C4D6193B20D0672F0010F04A /* ServiceBase.m in Sources */,
				C4D6193320D054530010F04A /* ShowAlert.m in Sources */,
				C43C542320D01B5A004BB923 /* RegistrationViewController.m in Sources */,
				C43C542020D01B4D004BB923 /* SplashViewController.m in Sources */,
				C435CFDC20D2928F00BEF664 /* EmptySegue.m in Sources */,
			);
			runOnlyForDeploymentPostprocessing = 0;
		};
/* End PBXSourcesBuildPhase section */

/* Begin PBXVariantGroup section */
		C43C540420D01AF6004BB923 /* Main.storyboard */ = {
			isa = PBXVariantGroup;
			children = (
				C43C540520D01AF6004BB923 /* Base */,
			);
			name = Main.storyboard;
			sourceTree = "<group>";
		};
		C43C540920D01AF8004BB923 /* LaunchScreen.storyboard */ = {
			isa = PBXVariantGroup;
			children = (
				C43C540A20D01AF8004BB923 /* Base */,
			);
			name = LaunchScreen.storyboard;
			sourceTree = "<group>";
		};
/* End PBXVariantGroup section */

/* Begin XCBuildConfiguration section */
		C43C540F20D01AF8004BB923 /* Debug */ = {
			isa = XCBuildConfiguration;
			buildSettings = {
				ALWAYS_SEARCH_USER_PATHS = NO;
				CLANG_ANALYZER_NONNULL = YES;
				CLANG_ANALYZER_NUMBER_OBJECT_CONVERSION = YES_AGGRESSIVE;
				CLANG_CXX_LANGUAGE_STANDARD = "gnu++14";
				CLANG_CXX_LIBRARY = "libc++";
				CLANG_ENABLE_MODULES = YES;
				CLANG_ENABLE_OBJC_ARC = YES;
				CLANG_ENABLE_OBJC_WEAK = YES;
				CLANG_WARN_BLOCK_CAPTURE_AUTORELEASING = YES;
				CLANG_WARN_BOOL_CONVERSION = YES;
				CLANG_WARN_COMMA = YES;
				CLANG_WARN_CONSTANT_CONVERSION = YES;
				CLANG_WARN_DEPRECATED_OBJC_IMPLEMENTATIONS = YES;
				CLANG_WARN_DIRECT_OBJC_ISA_USAGE = YES_ERROR;
				CLANG_WARN_DOCUMENTATION_COMMENTS = YES;
				CLANG_WARN_EMPTY_BODY = YES;
				CLANG_WARN_ENUM_CONVERSION = YES;
				CLANG_WARN_INFINITE_RECURSION = YES;
				CLANG_WARN_INT_CONVERSION = YES;
				CLANG_WARN_NON_LITERAL_NULL_CONVERSION = YES;
				CLANG_WARN_OBJC_IMPLICIT_RETAIN_SELF = YES;
				CLANG_WARN_OBJC_LITERAL_CONVERSION = YES;
				CLANG_WARN_OBJC_ROOT_CLASS = YES_ERROR;
				CLANG_WARN_RANGE_LOOP_ANALYSIS = YES;
				CLANG_WARN_STRICT_PROTOTYPES = YES;
				CLANG_WARN_SUSPICIOUS_MOVE = YES;
				CLANG_WARN_UNGUARDED_AVAILABILITY = YES_AGGRESSIVE;
				CLANG_WARN_UNREACHABLE_CODE = YES;
				CLANG_WARN__DUPLICATE_METHOD_MATCH = YES;
				CODE_SIGN_IDENTITY = "iPhone Developer";
				COPY_PHASE_STRIP = NO;
				DEBUG_INFORMATION_FORMAT = dwarf;
				ENABLE_STRICT_OBJC_MSGSEND = YES;
				ENABLE_TESTABILITY = YES;
				GCC_C_LANGUAGE_STANDARD = gnu11;
				GCC_DYNAMIC_NO_PIC = NO;
				GCC_NO_COMMON_BLOCKS = YES;
				GCC_OPTIMIZATION_LEVEL = 0;
				GCC_PREPROCESSOR_DEFINITIONS = (
					"DEBUG=1",
					"$(inherited)",
				);
				GCC_WARN_64_TO_32_BIT_CONVERSION = YES;
				GCC_WARN_ABOUT_RETURN_TYPE = YES_ERROR;
				GCC_WARN_UNDECLARED_SELECTOR = YES;
				GCC_WARN_UNINITIALIZED_AUTOS = YES_AGGRESSIVE;
				GCC_WARN_UNUSED_FUNCTION = YES;
				GCC_WARN_UNUSED_VARIABLE = YES;
				IPHONEOS_DEPLOYMENT_TARGET = 11.4;
				MTL_ENABLE_DEBUG_INFO = YES;
				ONLY_ACTIVE_ARCH = YES;
				SDKROOT = iphoneos;
			};
			name = Debug;
		};
		C43C541020D01AF8004BB923 /* Release */ = {
			isa = XCBuildConfiguration;
			buildSettings = {
				ALWAYS_SEARCH_USER_PATHS = NO;
				CLANG_ANALYZER_NONNULL = YES;
				CLANG_ANALYZER_NUMBER_OBJECT_CONVERSION = YES_AGGRESSIVE;
				CLANG_CXX_LANGUAGE_STANDARD = "gnu++14";
				CLANG_CXX_LIBRARY = "libc++";
				CLANG_ENABLE_MODULES = YES;
				CLANG_ENABLE_OBJC_ARC = YES;
				CLANG_ENABLE_OBJC_WEAK = YES;
				CLANG_WARN_BLOCK_CAPTURE_AUTORELEASING = YES;
				CLANG_WARN_BOOL_CONVERSION = YES;
				CLANG_WARN_COMMA = YES;
				CLANG_WARN_CONSTANT_CONVERSION = YES;
				CLANG_WARN_DEPRECATED_OBJC_IMPLEMENTATIONS = YES;
				CLANG_WARN_DIRECT_OBJC_ISA_USAGE = YES_ERROR;
				CLANG_WARN_DOCUMENTATION_COMMENTS = YES;
				CLANG_WARN_EMPTY_BODY = YES;
				CLANG_WARN_ENUM_CONVERSION = YES;
				CLANG_WARN_INFINITE_RECURSION = YES;
				CLANG_WARN_INT_CONVERSION = YES;
				CLANG_WARN_NON_LITERAL_NULL_CONVERSION = YES;
				CLANG_WARN_OBJC_IMPLICIT_RETAIN_SELF = YES;
				CLANG_WARN_OBJC_LITERAL_CONVERSION = YES;
				CLANG_WARN_OBJC_ROOT_CLASS = YES_ERROR;
				CLANG_WARN_RANGE_LOOP_ANALYSIS = YES;
				CLANG_WARN_STRICT_PROTOTYPES = YES;
				CLANG_WARN_SUSPICIOUS_MOVE = YES;
				CLANG_WARN_UNGUARDED_AVAILABILITY = YES_AGGRESSIVE;
				CLANG_WARN_UNREACHABLE_CODE = YES;
				CLANG_WARN__DUPLICATE_METHOD_MATCH = YES;
				CODE_SIGN_IDENTITY = "iPhone Developer";
				COPY_PHASE_STRIP = NO;
				DEBUG_INFORMATION_FORMAT = "dwarf-with-dsym";
				ENABLE_NS_ASSERTIONS = NO;
				ENABLE_STRICT_OBJC_MSGSEND = YES;
				GCC_C_LANGUAGE_STANDARD = gnu11;
				GCC_NO_COMMON_BLOCKS = YES;
				GCC_WARN_64_TO_32_BIT_CONVERSION = YES;
				GCC_WARN_ABOUT_RETURN_TYPE = YES_ERROR;
				GCC_WARN_UNDECLARED_SELECTOR = YES;
				GCC_WARN_UNINITIALIZED_AUTOS = YES_AGGRESSIVE;
				GCC_WARN_UNUSED_FUNCTION = YES;
				GCC_WARN_UNUSED_VARIABLE = YES;
				IPHONEOS_DEPLOYMENT_TARGET = 11.4;
				MTL_ENABLE_DEBUG_INFO = NO;
				SDKROOT = iphoneos;
				VALIDATE_PRODUCT = YES;
			};
			name = Release;
		};
		C43C541220D01AF8004BB923 /* Debug */ = {
			isa = XCBuildConfiguration;
			baseConfigurationReference = 62676AF3737E7D53E993D776 /* Pods-PVAr.debug.xcconfig */;
			buildSettings = {
				ASSETCATALOG_COMPILER_APPICON_NAME = AppIcon;
				CODE_SIGN_IDENTITY = "iPhone Developer: Roberto Daviduk (LUX64753Y3)";
				CODE_SIGN_STYLE = Manual;
				DEVELOPMENT_TEAM = BZ25Y6478F;
				INFOPLIST_FILE = PVAr/Info.plist;
				IPHONEOS_DEPLOYMENT_TARGET = 9.0;
				LD_RUNPATH_SEARCH_PATHS = (
					"$(inherited)",
					"@executable_path/Frameworks",
				);
				PRODUCT_BUNDLE_IDENTIFIER = com.inspirationapps.test.PVAr;
				PRODUCT_NAME = "$(TARGET_NAME)";
				PROVISIONING_PROFILE = "e5b2f442-8b02-4df8-95b3-ef777f72860f";
				PROVISIONING_PROFILE_SPECIFIER = Test_Apps_Developer;
				TARGETED_DEVICE_FAMILY = "1,2";
			};
			name = Debug;
		};
		C43C541320D01AF8004BB923 /* Release */ = {
			isa = XCBuildConfiguration;
			baseConfigurationReference = 462A8754F2656FC5F404F163 /* Pods-PVAr.release.xcconfig */;
			buildSettings = {
				ASSETCATALOG_COMPILER_APPICON_NAME = AppIcon;
				CODE_SIGN_IDENTITY = "iPhone Distribution: Roberto Daviduk (BZ25Y6478F)";
				CODE_SIGN_STYLE = Manual;
				DEVELOPMENT_TEAM = BZ25Y6478F;
				INFOPLIST_FILE = PVAr/Info.plist;
				IPHONEOS_DEPLOYMENT_TARGET = 9.0;
				LD_RUNPATH_SEARCH_PATHS = (
					"$(inherited)",
					"@executable_path/Frameworks",
				);
				PRODUCT_BUNDLE_IDENTIFIER = com.inspirationapps.test.PVAr;
				PRODUCT_NAME = "$(TARGET_NAME)";
				PROVISIONING_PROFILE = "77c99aec-c4bf-471f-a796-38e13ac48b28";
				PROVISIONING_PROFILE_SPECIFIER = Test_Apps_AdHoc;
				TARGETED_DEVICE_FAMILY = "1,2";
			};
			name = Release;
		};
/* End XCBuildConfiguration section */

/* Begin XCConfigurationList section */
		C43C53F620D01AF6004BB923 /* Build configuration list for PBXProject "PVAr" */ = {
			isa = XCConfigurationList;
			buildConfigurations = (
				C43C540F20D01AF8004BB923 /* Debug */,
				C43C541020D01AF8004BB923 /* Release */,
			);
			defaultConfigurationIsVisible = 0;
			defaultConfigurationName = Release;
		};
		C43C541120D01AF8004BB923 /* Build configuration list for PBXNativeTarget "PVAr" */ = {
			isa = XCConfigurationList;
			buildConfigurations = (
				C43C541220D01AF8004BB923 /* Debug */,
				C43C541320D01AF8004BB923 /* Release */,
			);
			defaultConfigurationIsVisible = 0;
			defaultConfigurationName = Release;
		};
/* End XCConfigurationList section */
	};
	rootObject = C43C53F320D01AF6004BB923 /* Project object */;
}
