// !$*UTF8*$!
{
	archiveVersion = 1;
	classes = {
	};
	objectVersion = 48;
	objects = {

/* Begin PBXBuildFile section */
		AE55CA6620B35C1B00FFF27D /* AppDelegate.swift in Sources */ = {isa = PBXBuildFile; fileRef = AE55CA6520B35C1B00FFF27D /* AppDelegate.swift */; };
		AE55CA6820B35C1B00FFF27D /* ViewController.swift in Sources */ = {isa = PBXBuildFile; fileRef = AE55CA6720B35C1B00FFF27D /* ViewController.swift */; };
		AE55CA6B20B35C1B00FFF27D /* Main.storyboard in Resources */ = {isa = PBXBuildFile; fileRef = AE55CA6920B35C1B00FFF27D /* Main.storyboard */; };
		AE55CA6D20B35C1B00FFF27D /* Assets.xcassets in Resources */ = {isa = PBXBuildFile; fileRef = AE55CA6C20B35C1B00FFF27D /* Assets.xcassets */; };
		AE55CA7020B35C1B00FFF27D /* LaunchScreen.storyboard in Resources */ = {isa = PBXBuildFile; fileRef = AE55CA6E20B35C1B00FFF27D /* LaunchScreen.storyboard */; };
		AE55CA7B20B35C1B00FFF27D /* Plan_de_vueloTests.swift in Sources */ = {isa = PBXBuildFile; fileRef = AE55CA7A20B35C1B00FFF27D /* Plan_de_vueloTests.swift */; };
		AE55CA8620B35C1B00FFF27D /* Plan_de_vueloUITests.swift in Sources */ = {isa = PBXBuildFile; fileRef = AE55CA8520B35C1B00FFF27D /* Plan_de_vueloUITests.swift */; };
		AEBB17ED20C0582A008180C2 /* FPLTableViewCell.swift in Sources */ = {isa = PBXBuildFile; fileRef = AEBB17EC20C0582A008180C2 /* FPLTableViewCell.swift */; };
		AEE417C020BE041C0088FE11 /* User.swift in Sources */ = {isa = PBXBuildFile; fileRef = AEE417BF20BE041C0088FE11 /* User.swift */; };
/* End PBXBuildFile section */

/* Begin PBXContainerItemProxy section */
		AE55CA7720B35C1B00FFF27D /* PBXContainerItemProxy */ = {
			isa = PBXContainerItemProxy;
			containerPortal = AE55CA5A20B35C1B00FFF27D /* Project object */;
			proxyType = 1;
			remoteGlobalIDString = AE55CA6120B35C1B00FFF27D;
			remoteInfo = "Plan de vuelo";
		};
		AE55CA8220B35C1B00FFF27D /* PBXContainerItemProxy */ = {
			isa = PBXContainerItemProxy;
			containerPortal = AE55CA5A20B35C1B00FFF27D /* Project object */;
			proxyType = 1;
			remoteGlobalIDString = AE55CA6120B35C1B00FFF27D;
			remoteInfo = "Plan de vuelo";
		};
/* End PBXContainerItemProxy section */

/* Begin PBXFileReference section */
		AE55CA6220B35C1B00FFF27D /* Plan de vuelo.app */ = {isa = PBXFileReference; explicitFileType = wrapper.application; includeInIndex = 0; path = "Plan de vuelo.app"; sourceTree = BUILT_PRODUCTS_DIR; };
		AE55CA6520B35C1B00FFF27D /* AppDelegate.swift */ = {isa = PBXFileReference; lastKnownFileType = sourcecode.swift; path = AppDelegate.swift; sourceTree = "<group>"; };
		AE55CA6720B35C1B00FFF27D /* ViewController.swift */ = {isa = PBXFileReference; lastKnownFileType = sourcecode.swift; path = ViewController.swift; sourceTree = "<group>"; };
		AE55CA6A20B35C1B00FFF27D /* Base */ = {isa = PBXFileReference; lastKnownFileType = file.storyboard; name = Base; path = Base.lproj/Main.storyboard; sourceTree = "<group>"; };
		AE55CA6C20B35C1B00FFF27D /* Assets.xcassets */ = {isa = PBXFileReference; lastKnownFileType = folder.assetcatalog; path = Assets.xcassets; sourceTree = "<group>"; };
		AE55CA6F20B35C1B00FFF27D /* Base */ = {isa = PBXFileReference; lastKnownFileType = file.storyboard; name = Base; path = Base.lproj/LaunchScreen.storyboard; sourceTree = "<group>"; };
		AE55CA7120B35C1B00FFF27D /* Info.plist */ = {isa = PBXFileReference; lastKnownFileType = text.plist.xml; path = Info.plist; sourceTree = "<group>"; };
		AE55CA7620B35C1B00FFF27D /* Plan de vueloTests.xctest */ = {isa = PBXFileReference; explicitFileType = wrapper.cfbundle; includeInIndex = 0; path = "Plan de vueloTests.xctest"; sourceTree = BUILT_PRODUCTS_DIR; };
		AE55CA7A20B35C1B00FFF27D /* Plan_de_vueloTests.swift */ = {isa = PBXFileReference; lastKnownFileType = sourcecode.swift; path = Plan_de_vueloTests.swift; sourceTree = "<group>"; };
		AE55CA7C20B35C1B00FFF27D /* Info.plist */ = {isa = PBXFileReference; lastKnownFileType = text.plist.xml; path = Info.plist; sourceTree = "<group>"; };
		AE55CA8120B35C1B00FFF27D /* Plan de vueloUITests.xctest */ = {isa = PBXFileReference; explicitFileType = wrapper.cfbundle; includeInIndex = 0; path = "Plan de vueloUITests.xctest"; sourceTree = BUILT_PRODUCTS_DIR; };
		AE55CA8520B35C1B00FFF27D /* Plan_de_vueloUITests.swift */ = {isa = PBXFileReference; lastKnownFileType = sourcecode.swift; path = Plan_de_vueloUITests.swift; sourceTree = "<group>"; };
		AE55CA8720B35C1B00FFF27D /* Info.plist */ = {isa = PBXFileReference; lastKnownFileType = text.plist.xml; path = Info.plist; sourceTree = "<group>"; };
		AEBB17EC20C0582A008180C2 /* FPLTableViewCell.swift */ = {isa = PBXFileReference; lastKnownFileType = sourcecode.swift; path = FPLTableViewCell.swift; sourceTree = "<group>"; };
		AEE417BF20BE041C0088FE11 /* User.swift */ = {isa = PBXFileReference; lastKnownFileType = sourcecode.swift; path = User.swift; sourceTree = "<group>"; };
/* End PBXFileReference section */

/* Begin PBXFrameworksBuildPhase section */
		AE55CA5F20B35C1B00FFF27D /* Frameworks */ = {
			isa = PBXFrameworksBuildPhase;
			buildActionMask = 2147483647;
			files = (
			);
			runOnlyForDeploymentPostprocessing = 0;
		};
		AE55CA7320B35C1B00FFF27D /* Frameworks */ = {
			isa = PBXFrameworksBuildPhase;
			buildActionMask = 2147483647;
			files = (
			);
			runOnlyForDeploymentPostprocessing = 0;
		};
		AE55CA7E20B35C1B00FFF27D /* Frameworks */ = {
			isa = PBXFrameworksBuildPhase;
			buildActionMask = 2147483647;
			files = (
			);
			runOnlyForDeploymentPostprocessing = 0;
		};
/* End PBXFrameworksBuildPhase section */

/* Begin PBXGroup section */
		AE55CA5920B35C1B00FFF27D = {
			isa = PBXGroup;
			children = (
				AE55CA6420B35C1B00FFF27D /* Plan de vuelo */,
				AE55CA7920B35C1B00FFF27D /* Plan de vueloTests */,
				AE55CA8420B35C1B00FFF27D /* Plan de vueloUITests */,
				AE55CA6320B35C1B00FFF27D /* Products */,
			);
			sourceTree = "<group>";
		};
		AE55CA6320B35C1B00FFF27D /* Products */ = {
			isa = PBXGroup;
			children = (
				AE55CA6220B35C1B00FFF27D /* Plan de vuelo.app */,
				AE55CA7620B35C1B00FFF27D /* Plan de vueloTests.xctest */,
				AE55CA8120B35C1B00FFF27D /* Plan de vueloUITests.xctest */,
			);
			name = Products;
			sourceTree = "<group>";
		};
		AE55CA6420B35C1B00FFF27D /* Plan de vuelo */ = {
			isa = PBXGroup;
			children = (
				AEBB17EC20C0582A008180C2 /* FPLTableViewCell.swift */,
				AEE417BF20BE041C0088FE11 /* User.swift */,
				AE55CA6520B35C1B00FFF27D /* AppDelegate.swift */,
				AE55CA6720B35C1B00FFF27D /* ViewController.swift */,
				AE55CA6920B35C1B00FFF27D /* Main.storyboard */,
				AE55CA6C20B35C1B00FFF27D /* Assets.xcassets */,
				AE55CA6E20B35C1B00FFF27D /* LaunchScreen.storyboard */,
				AE55CA7120B35C1B00FFF27D /* Info.plist */,
			);
			path = "Plan de vuelo";
			sourceTree = "<group>";
		};
		AE55CA7920B35C1B00FFF27D /* Plan de vueloTests */ = {
			isa = PBXGroup;
			children = (
				AE55CA7A20B35C1B00FFF27D /* Plan_de_vueloTests.swift */,
				AE55CA7C20B35C1B00FFF27D /* Info.plist */,
			);
			path = "Plan de vueloTests";
			sourceTree = "<group>";
		};
		AE55CA8420B35C1B00FFF27D /* Plan de vueloUITests */ = {
			isa = PBXGroup;
			children = (
				AE55CA8520B35C1B00FFF27D /* Plan_de_vueloUITests.swift */,
				AE55CA8720B35C1B00FFF27D /* Info.plist */,
			);
			path = "Plan de vueloUITests";
			sourceTree = "<group>";
		};
/* End PBXGroup section */

/* Begin PBXNativeTarget section */
		AE55CA6120B35C1B00FFF27D /* Plan de vuelo */ = {
			isa = PBXNativeTarget;
			buildConfigurationList = AE55CA8A20B35C1B00FFF27D /* Build configuration list for PBXNativeTarget "Plan de vuelo" */;
			buildPhases = (
				AE55CA5E20B35C1B00FFF27D /* Sources */,
				AE55CA5F20B35C1B00FFF27D /* Frameworks */,
				AE55CA6020B35C1B00FFF27D /* Resources */,
			);
			buildRules = (
			);
			dependencies = (
			);
			name = "Plan de vuelo";
			productName = "Plan de vuelo";
			productReference = AE55CA6220B35C1B00FFF27D /* Plan de vuelo.app */;
			productType = "com.apple.product-type.application";
		};
		AE55CA7520B35C1B00FFF27D /* Plan de vueloTests */ = {
			isa = PBXNativeTarget;
			buildConfigurationList = AE55CA8D20B35C1B00FFF27D /* Build configuration list for PBXNativeTarget "Plan de vueloTests" */;
			buildPhases = (
				AE55CA7220B35C1B00FFF27D /* Sources */,
				AE55CA7320B35C1B00FFF27D /* Frameworks */,
				AE55CA7420B35C1B00FFF27D /* Resources */,
			);
			buildRules = (
			);
			dependencies = (
				AE55CA7820B35C1B00FFF27D /* PBXTargetDependency */,
			);
			name = "Plan de vueloTests";
			productName = "Plan de vueloTests";
			productReference = AE55CA7620B35C1B00FFF27D /* Plan de vueloTests.xctest */;
			productType = "com.apple.product-type.bundle.unit-test";
		};
		AE55CA8020B35C1B00FFF27D /* Plan de vueloUITests */ = {
			isa = PBXNativeTarget;
			buildConfigurationList = AE55CA9020B35C1B00FFF27D /* Build configuration list for PBXNativeTarget "Plan de vueloUITests" */;
			buildPhases = (
				AE55CA7D20B35C1B00FFF27D /* Sources */,
				AE55CA7E20B35C1B00FFF27D /* Frameworks */,
				AE55CA7F20B35C1B00FFF27D /* Resources */,
			);
			buildRules = (
			);
			dependencies = (
				AE55CA8320B35C1B00FFF27D /* PBXTargetDependency */,
			);
			name = "Plan de vueloUITests";
			productName = "Plan de vueloUITests";
			productReference = AE55CA8120B35C1B00FFF27D /* Plan de vueloUITests.xctest */;
			productType = "com.apple.product-type.bundle.ui-testing";
		};
/* End PBXNativeTarget section */

/* Begin PBXProject section */
		AE55CA5A20B35C1B00FFF27D /* Project object */ = {
			isa = PBXProject;
			attributes = {
				LastSwiftUpdateCheck = 0920;
				LastUpgradeCheck = 0920;
				ORGANIZATIONNAME = "Felipe Corro";
				TargetAttributes = {
					AE55CA6120B35C1B00FFF27D = {
						CreatedOnToolsVersion = 9.2;
						ProvisioningStyle = Automatic;
					};
					AE55CA7520B35C1B00FFF27D = {
						CreatedOnToolsVersion = 9.2;
						ProvisioningStyle = Automatic;
						TestTargetID = AE55CA6120B35C1B00FFF27D;
					};
					AE55CA8020B35C1B00FFF27D = {
						CreatedOnToolsVersion = 9.2;
						ProvisioningStyle = Automatic;
						TestTargetID = AE55CA6120B35C1B00FFF27D;
					};
				};
			};
			buildConfigurationList = AE55CA5D20B35C1B00FFF27D /* Build configuration list for PBXProject "Plan de vuelo" */;
			compatibilityVersion = "Xcode 8.0";
			developmentRegion = en;
			hasScannedForEncodings = 0;
			knownRegions = (
				en,
				Base,
			);
			mainGroup = AE55CA5920B35C1B00FFF27D;
			productRefGroup = AE55CA6320B35C1B00FFF27D /* Products */;
			projectDirPath = "";
			projectRoot = "";
			targets = (
				AE55CA6120B35C1B00FFF27D /* Plan de vuelo */,
				AE55CA7520B35C1B00FFF27D /* Plan de vueloTests */,
				AE55CA8020B35C1B00FFF27D /* Plan de vueloUITests */,
			);
		};
/* End PBXProject section */

/* Begin PBXResourcesBuildPhase section */
		AE55CA6020B35C1B00FFF27D /* Resources */ = {
			isa = PBXResourcesBuildPhase;
			buildActionMask = 2147483647;
			files = (
				AE55CA7020B35C1B00FFF27D /* LaunchScreen.storyboard in Resources */,
				AE55CA6D20B35C1B00FFF27D /* Assets.xcassets in Resources */,
				AE55CA6B20B35C1B00FFF27D /* Main.storyboard in Resources */,
			);
			runOnlyForDeploymentPostprocessing = 0;
		};
		AE55CA7420B35C1B00FFF27D /* Resources */ = {
			isa = PBXResourcesBuildPhase;
			buildActionMask = 2147483647;
			files = (
			);
			runOnlyForDeploymentPostprocessing = 0;
		};
		AE55CA7F20B35C1B00FFF27D /* Resources */ = {
			isa = PBXResourcesBuildPhase;
			buildActionMask = 2147483647;
			files = (
			);
			runOnlyForDeploymentPostprocessing = 0;
		};
/* End PBXResourcesBuildPhase section */

/* Begin PBXSourcesBuildPhase section */
		AE55CA5E20B35C1B00FFF27D /* Sources */ = {
			isa = PBXSourcesBuildPhase;
			buildActionMask = 2147483647;
			files = (
				AE55CA6820B35C1B00FFF27D /* ViewController.swift in Sources */,
				AE55CA6620B35C1B00FFF27D /* AppDelegate.swift in Sources */,
				AEBB17ED20C0582A008180C2 /* FPLTableViewCell.swift in Sources */,
				AEE417C020BE041C0088FE11 /* User.swift in Sources */,
			);
			runOnlyForDeploymentPostprocessing = 0;
		};
		AE55CA7220B35C1B00FFF27D /* Sources */ = {
			isa = PBXSourcesBuildPhase;
			buildActionMask = 2147483647;
			files = (
				AE55CA7B20B35C1B00FFF27D /* Plan_de_vueloTests.swift in Sources */,
			);
			runOnlyForDeploymentPostprocessing = 0;
		};
		AE55CA7D20B35C1B00FFF27D /* Sources */ = {
			isa = PBXSourcesBuildPhase;
			buildActionMask = 2147483647;
			files = (
				AE55CA8620B35C1B00FFF27D /* Plan_de_vueloUITests.swift in Sources */,
			);
			runOnlyForDeploymentPostprocessing = 0;
		};
/* End PBXSourcesBuildPhase section */

/* Begin PBXTargetDependency section */
		AE55CA7820B35C1B00FFF27D /* PBXTargetDependency */ = {
			isa = PBXTargetDependency;
			target = AE55CA6120B35C1B00FFF27D /* Plan de vuelo */;
			targetProxy = AE55CA7720B35C1B00FFF27D /* PBXContainerItemProxy */;
		};
		AE55CA8320B35C1B00FFF27D /* PBXTargetDependency */ = {
			isa = PBXTargetDependency;
			target = AE55CA6120B35C1B00FFF27D /* Plan de vuelo */;
			targetProxy = AE55CA8220B35C1B00FFF27D /* PBXContainerItemProxy */;
		};
/* End PBXTargetDependency section */

/* Begin PBXVariantGroup section */
		AE55CA6920B35C1B00FFF27D /* Main.storyboard */ = {
			isa = PBXVariantGroup;
			children = (
				AE55CA6A20B35C1B00FFF27D /* Base */,
			);
			name = Main.storyboard;
			sourceTree = "<group>";
		};
		AE55CA6E20B35C1B00FFF27D /* LaunchScreen.storyboard */ = {
			isa = PBXVariantGroup;
			children = (
				AE55CA6F20B35C1B00FFF27D /* Base */,
			);
			name = LaunchScreen.storyboard;
			sourceTree = "<group>";
		};
/* End PBXVariantGroup section */

/* Begin XCBuildConfiguration section */
		AE55CA8820B35C1B00FFF27D /* Debug */ = {
			isa = XCBuildConfiguration;
			buildSettings = {
				ALWAYS_SEARCH_USER_PATHS = NO;
				CLANG_ANALYZER_NONNULL = YES;
				CLANG_ANALYZER_NUMBER_OBJECT_CONVERSION = YES_AGGRESSIVE;
				CLANG_CXX_LANGUAGE_STANDARD = "gnu++14";
				CLANG_CXX_LIBRARY = "libc++";
				CLANG_ENABLE_MODULES = YES;
				CLANG_ENABLE_OBJC_ARC = YES;
				CLANG_WARN_BLOCK_CAPTURE_AUTORELEASING = YES;
				CLANG_WARN_BOOL_CONVERSION = YES;
				CLANG_WARN_COMMA = YES;
				CLANG_WARN_CONSTANT_CONVERSION = YES;
				CLANG_WARN_DIRECT_OBJC_ISA_USAGE = YES_ERROR;
				CLANG_WARN_DOCUMENTATION_COMMENTS = YES;
				CLANG_WARN_EMPTY_BODY = YES;
				CLANG_WARN_ENUM_CONVERSION = YES;
				CLANG_WARN_INFINITE_RECURSION = YES;
				CLANG_WARN_INT_CONVERSION = YES;
				CLANG_WARN_NON_LITERAL_NULL_CONVERSION = YES;
				CLANG_WARN_OBJC_LITERAL_CONVERSION = YES;
				CLANG_WARN_OBJC_ROOT_CLASS = YES_ERROR;
				CLANG_WARN_RANGE_LOOP_ANALYSIS = YES;
				CLANG_WARN_STRICT_PROTOTYPES = YES;
				CLANG_WARN_SUSPICIOUS_MOVE = YES;
				CLANG_WARN_UNGUARDED_AVAILABILITY = YES_AGGRESSIVE;
				CLANG_WARN_UNREACHABLE_CODE = YES;
				CLANG_WARN__DUPLICATE_METHOD_MATCH = YES;
				CODE_SIGN_IDENTITY = "iPhone Developer";
				COPY_PHASE_STRIP = NO;
				DEBUG_INFORMATION_FORMAT = dwarf;
				ENABLE_STRICT_OBJC_MSGSEND = YES;
				ENABLE_TESTABILITY = YES;
				GCC_C_LANGUAGE_STANDARD = gnu11;
				GCC_DYNAMIC_NO_PIC = NO;
				GCC_NO_COMMON_BLOCKS = YES;
				GCC_OPTIMIZATION_LEVEL = 0;
				GCC_PREPROCESSOR_DEFINITIONS = (
					"DEBUG=1",
					"$(inherited)",
				);
				GCC_WARN_64_TO_32_BIT_CONVERSION = YES;
				GCC_WARN_ABOUT_RETURN_TYPE = YES_ERROR;
				GCC_WARN_UNDECLARED_SELECTOR = YES;
				GCC_WARN_UNINITIALIZED_AUTOS = YES_AGGRESSIVE;
				GCC_WARN_UNUSED_FUNCTION = YES;
				GCC_WARN_UNUSED_VARIABLE = YES;
				IPHONEOS_DEPLOYMENT_TARGET = 11.2;
				MTL_ENABLE_DEBUG_INFO = YES;
				ONLY_ACTIVE_ARCH = YES;
				SDKROOT = iphoneos;
				SWIFT_ACTIVE_COMPILATION_CONDITIONS = DEBUG;
				SWIFT_OPTIMIZATION_LEVEL = "-Onone";
			};
			name = Debug;
		};
		AE55CA8920B35C1B00FFF27D /* Release */ = {
			isa = XCBuildConfiguration;
			buildSettings = {
				ALWAYS_SEARCH_USER_PATHS = NO;
				CLANG_ANALYZER_NONNULL = YES;
				CLANG_ANALYZER_NUMBER_OBJECT_CONVERSION = YES_AGGRESSIVE;
				CLANG_CXX_LANGUAGE_STANDARD = "gnu++14";
				CLANG_CXX_LIBRARY = "libc++";
				CLANG_ENABLE_MODULES = YES;
				CLANG_ENABLE_OBJC_ARC = YES;
				CLANG_WARN_BLOCK_CAPTURE_AUTORELEASING = YES;
				CLANG_WARN_BOOL_CONVERSION = YES;
				CLANG_WARN_COMMA = YES;
				CLANG_WARN_CONSTANT_CONVERSION = YES;
				CLANG_WARN_DIRECT_OBJC_ISA_USAGE = YES_ERROR;
				CLANG_WARN_DOCUMENTATION_COMMENTS = YES;
				CLANG_WARN_EMPTY_BODY = YES;
				CLANG_WARN_ENUM_CONVERSION = YES;
				CLANG_WARN_INFINITE_RECURSION = YES;
				CLANG_WARN_INT_CONVERSION = YES;
				CLANG_WARN_NON_LITERAL_NULL_CONVERSION = YES;
				CLANG_WARN_OBJC_LITERAL_CONVERSION = YES;
				CLANG_WARN_OBJC_ROOT_CLASS = YES_ERROR;
				CLANG_WARN_RANGE_LOOP_ANALYSIS = YES;
				CLANG_WARN_STRICT_PROTOTYPES = YES;
				CLANG_WARN_SUSPICIOUS_MOVE = YES;
				CLANG_WARN_UNGUARDED_AVAILABILITY = YES_AGGRESSIVE;
				CLANG_WARN_UNREACHABLE_CODE = YES;
				CLANG_WARN__DUPLICATE_METHOD_MATCH = YES;
				CODE_SIGN_IDENTITY = "iPhone Developer";
				COPY_PHASE_STRIP = NO;
				DEBUG_INFORMATION_FORMAT = "dwarf-with-dsym";
				ENABLE_NS_ASSERTIONS = NO;
				ENABLE_STRICT_OBJC_MSGSEND = YES;
				GCC_C_LANGUAGE_STANDARD = gnu11;
				GCC_NO_COMMON_BLOCKS = YES;
				GCC_WARN_64_TO_32_BIT_CONVERSION = YES;
				GCC_WARN_ABOUT_RETURN_TYPE = YES_ERROR;
				GCC_WARN_UNDECLARED_SELECTOR = YES;
				GCC_WARN_UNINITIALIZED_AUTOS = YES_AGGRESSIVE;
				GCC_WARN_UNUSED_FUNCTION = YES;
				GCC_WARN_UNUSED_VARIABLE = YES;
				IPHONEOS_DEPLOYMENT_TARGET = 11.2;
				MTL_ENABLE_DEBUG_INFO = NO;
				SDKROOT = iphoneos;
				SWIFT_OPTIMIZATION_LEVEL = "-Owholemodule";
				VALIDATE_PRODUCT = YES;
			};
			name = Release;
		};
		AE55CA8B20B35C1B00FFF27D /* Debug */ = {
			isa = XCBuildConfiguration;
			buildSettings = {
				ASSETCATALOG_COMPILER_APPICON_NAME = AppIcon;
				CODE_SIGN_STYLE = Automatic;
				DEVELOPMENT_TEAM = Q52B98JZ37;
				INFOPLIST_FILE = "Plan de vuelo/Info.plist";
				LD_RUNPATH_SEARCH_PATHS = "$(inherited) @executable_path/Frameworks";
				PRODUCT_BUNDLE_IDENTIFIER = "Felipe-Corro.Plan-de-vuelo";
				PRODUCT_NAME = "$(TARGET_NAME)";
				SWIFT_VERSION = 4.0;
				TARGETED_DEVICE_FAMILY = "1,2";
			};
			name = Debug;
		};
		AE55CA8C20B35C1B00FFF27D /* Release */ = {
			isa = XCBuildConfiguration;
			buildSettings = {
				ASSETCATALOG_COMPILER_APPICON_NAME = AppIcon;
				CODE_SIGN_STYLE = Automatic;
				DEVELOPMENT_TEAM = Q52B98JZ37;
				INFOPLIST_FILE = "Plan de vuelo/Info.plist";
				LD_RUNPATH_SEARCH_PATHS = "$(inherited) @executable_path/Frameworks";
				PRODUCT_BUNDLE_IDENTIFIER = "Felipe-Corro.Plan-de-vuelo";
				PRODUCT_NAME = "$(TARGET_NAME)";
				SWIFT_VERSION = 4.0;
				TARGETED_DEVICE_FAMILY = "1,2";
			};
			name = Release;
		};
		AE55CA8E20B35C1B00FFF27D /* Debug */ = {
			isa = XCBuildConfiguration;
			buildSettings = {
				ALWAYS_EMBED_SWIFT_STANDARD_LIBRARIES = YES;
				BUNDLE_LOADER = "$(TEST_HOST)";
				CODE_SIGN_STYLE = Automatic;
				DEVELOPMENT_TEAM = Q52B98JZ37;
				INFOPLIST_FILE = "Plan de vueloTests/Info.plist";
				LD_RUNPATH_SEARCH_PATHS = "$(inherited) @executable_path/Frameworks @loader_path/Frameworks";
				PRODUCT_BUNDLE_IDENTIFIER = "Felipe-Corro.Plan-de-vueloTests";
				PRODUCT_NAME = "$(TARGET_NAME)";
				SWIFT_VERSION = 4.0;
				TARGETED_DEVICE_FAMILY = "1,2";
				TEST_HOST = "$(BUILT_PRODUCTS_DIR)/Plan de vuelo.app/Plan de vuelo";
			};
			name = Debug;
		};
		AE55CA8F20B35C1B00FFF27D /* Release */ = {
			isa = XCBuildConfiguration;
			buildSettings = {
				ALWAYS_EMBED_SWIFT_STANDARD_LIBRARIES = YES;
				BUNDLE_LOADER = "$(TEST_HOST)";
				CODE_SIGN_STYLE = Automatic;
				DEVELOPMENT_TEAM = Q52B98JZ37;
				INFOPLIST_FILE = "Plan de vueloTests/Info.plist";
				LD_RUNPATH_SEARCH_PATHS = "$(inherited) @executable_path/Frameworks @loader_path/Frameworks";
				PRODUCT_BUNDLE_IDENTIFIER = "Felipe-Corro.Plan-de-vueloTests";
				PRODUCT_NAME = "$(TARGET_NAME)";
				SWIFT_VERSION = 4.0;
				TARGETED_DEVICE_FAMILY = "1,2";
				TEST_HOST = "$(BUILT_PRODUCTS_DIR)/Plan de vuelo.app/Plan de vuelo";
			};
			name = Release;
		};
		AE55CA9120B35C1B00FFF27D /* Debug */ = {
			isa = XCBuildConfiguration;
			buildSettings = {
				ALWAYS_EMBED_SWIFT_STANDARD_LIBRARIES = YES;
				CODE_SIGN_STYLE = Automatic;
				DEVELOPMENT_TEAM = Q52B98JZ37;
				INFOPLIST_FILE = "Plan de vueloUITests/Info.plist";
				LD_RUNPATH_SEARCH_PATHS = "$(inherited) @executable_path/Frameworks @loader_path/Frameworks";
				PRODUCT_BUNDLE_IDENTIFIER = "Felipe-Corro.Plan-de-vueloUITests";
				PRODUCT_NAME = "$(TARGET_NAME)";
				SWIFT_VERSION = 4.0;
				TARGETED_DEVICE_FAMILY = "1,2";
				TEST_TARGET_NAME = "Plan de vuelo";
			};
			name = Debug;
		};
		AE55CA9220B35C1B00FFF27D /* Release */ = {
			isa = XCBuildConfiguration;
			buildSettings = {
				ALWAYS_EMBED_SWIFT_STANDARD_LIBRARIES = YES;
				CODE_SIGN_STYLE = Automatic;
				DEVELOPMENT_TEAM = Q52B98JZ37;
				INFOPLIST_FILE = "Plan de vueloUITests/Info.plist";
				LD_RUNPATH_SEARCH_PATHS = "$(inherited) @executable_path/Frameworks @loader_path/Frameworks";
				PRODUCT_BUNDLE_IDENTIFIER = "Felipe-Corro.Plan-de-vueloUITests";
				PRODUCT_NAME = "$(TARGET_NAME)";
				SWIFT_VERSION = 4.0;
				TARGETED_DEVICE_FAMILY = "1,2";
				TEST_TARGET_NAME = "Plan de vuelo";
			};
			name = Release;
		};
/* End XCBuildConfiguration section */

/* Begin XCConfigurationList section */
		AE55CA5D20B35C1B00FFF27D /* Build configuration list for PBXProject "Plan de vuelo" */ = {
			isa = XCConfigurationList;
			buildConfigurations = (
				AE55CA8820B35C1B00FFF27D /* Debug */,
				AE55CA8920B35C1B00FFF27D /* Release */,
			);
			defaultConfigurationIsVisible = 0;
			defaultConfigurationName = Release;
		};
		AE55CA8A20B35C1B00FFF27D /* Build configuration list for PBXNativeTarget "Plan de vuelo" */ = {
			isa = XCConfigurationList;
			buildConfigurations = (
				AE55CA8B20B35C1B00FFF27D /* Debug */,
				AE55CA8C20B35C1B00FFF27D /* Release */,
			);
			defaultConfigurationIsVisible = 0;
			defaultConfigurationName = Release;
		};
		AE55CA8D20B35C1B00FFF27D /* Build configuration list for PBXNativeTarget "Plan de vueloTests" */ = {
			isa = XCConfigurationList;
			buildConfigurations = (
				AE55CA8E20B35C1B00FFF27D /* Debug */,
				AE55CA8F20B35C1B00FFF27D /* Release */,
			);
			defaultConfigurationIsVisible = 0;
			defaultConfigurationName = Release;
		};
		AE55CA9020B35C1B00FFF27D /* Build configuration list for PBXNativeTarget "Plan de vueloUITests" */ = {
			isa = XCConfigurationList;
			buildConfigurations = (
				AE55CA9120B35C1B00FFF27D /* Debug */,
				AE55CA9220B35C1B00FFF27D /* Release */,
			);
			defaultConfigurationIsVisible = 0;
			defaultConfigurationName = Release;
		};
/* End XCConfigurationList section */
	};
	rootObject = AE55CA5A20B35C1B00FFF27D /* Project object */;
}
